{
    "_readme": [
        "This file locks the dependencies of your project to a known state",
        "Read more about it at https://getcomposer.org/doc/01-basic-usage.md#composer-lock-the-lock-file",
        "This file is @generated automatically"
    ],
    "hash": "8e4e7d2832a9aaa5a870b55e0d3e898e",
    "packages": [
        {
            "name": "magento/magento-composer-installer",
            "version": "0.1.4",
            "source": {
                "type": "git",
                "url": "https://github.com/magento/magento-composer-installer.git",
                "reference": "7f03451f71e55d52c2bb07325d56a4e6df322f30"
            },
            "dist": {
                "type": "zip",
                "url": "https://api.github.com/repos/magento/magento-composer-installer/zipball/7f03451f71e55d52c2bb07325d56a4e6df322f30",
                "reference": "7f03451f71e55d52c2bb07325d56a4e6df322f30",
                "shasum": ""
            },
            "require": {
                "composer-plugin-api": "1.0.0"
            },
            "require-dev": {
                "composer/composer": "*@dev",
                "firegento/phpcs": "dev-patch-1",
                "mikey179/vfsstream": "*",
                "phpunit/phpunit": "*",
                "phpunit/phpunit-mock-objects": "dev-master",
                "squizlabs/php_codesniffer": "1.4.7",
                "symfony/process": "*"
            },
            "type": "composer-plugin",
            "extra": {
                "composer-command-registry": [
                    "MagentoHackathon\\Composer\\Magento\\Command\\DeployCommand"
                ],
                "class": "MagentoHackathon\\Composer\\Magento\\Plugin"
            },
            "autoload": {
                "psr-0": {
                    "MagentoHackathon\\Composer\\Magento": "src/"
                }
            },
            "notification-url": "https://packagist.org/downloads/",
            "license": [
                "OSL-3.0"
            ],
            "authors": [
                {
                    "name": "Vinai Kopp",
                    "email": "vinai@netzarbeiter.com"
                },
                {
                    "name": "Daniel Fahlke aka Flyingmana",
                    "email": "flyingmana@googlemail.com"
                },
                {
                    "name": "Jörg Weller",
                    "email": "weller@flagbit.de"
                },
                {
                    "name": "Karl Spies",
                    "email": "karl.spies@gmx.net"
                },
                {
                    "name": "Tobias Vogt",
                    "email": "tobi@webguys.de"
                },
                {
                    "name": "David Fuhr",
                    "email": "fuhr@flagbit.de"
                }
            ],
            "description": "Composer installer for Magento modules",
            "homepage": "https://github.com/magento/magento-composer-installer",
            "keywords": [
                "composer-installer",
                "magento"
            ],
            "time": "2015-03-05 21:40:30"
        }
    ],
    "packages-dev": [],
    "aliases": [],
    "minimum-stability": "stable",
    "stability-flags": [],
    "prefer-stable": false,
    "prefer-lowest": false,
    "platform": {
        "php": "~5.4.11|~5.6.0"
    },
    "platform-dev": []
}
